
Microsoft Visual Studio Solution File, Format Version 12.00
# Visual Studio Version 16
VisualStudioVersion = 16.0.29920.165
MinimumVisualStudioVersion = 15.0.26124.0
Project("{9A19103F-16F7-4668-BE54-9A1E7A4F7556}") = "TodoApiTests", "Tests\TodoApiTests\TodoApiTests.csproj", "{3609AA13-8DB6-4213-A437-35FD78E7EEBC}"
EndProject
Project("{9A19103F-16F7-4668-BE54-9A1E7A4F7556}") = "UserApiTests", "Tests\UserApiTests\UserApiTests.csproj", "{5E305509-B974-4C54-A06F-98D730E74BEC}"
EndProject
Project("{2150E333-8FDC-42A3-9474-1A3956D46DE8}") = "TodoApp", "TodoApp", "{FA202727-7954-4150-843B-6AB9F56F6A03}"
EndProject
Project("{9A19103F-16F7-4668-BE54-9A1E7A4F7556}") = "TodoApp.Api", "TodoApp\Core\Api\TodoApp.Api.csproj", "{19ABE6AE-6721-4432-B4E9-EB8662D88525}"
EndProject
Project("{9A19103F-16F7-4668-BE54-9A1E7A4F7556}") = "TodoApp.CQRS", "TodoApp\Core\CQRS\TodoApp.CQRS.csproj", "{4E366E0F-02FA-4F00-AC9C-FB750FBF41D7}"
EndProject
Project("{2150E333-8FDC-42A3-9474-1A3956D46DE8}") = "Core", "Core", "{4BA626B0-6D15-4D2A-AD52-66AC0E39985C}"
EndProject
Project("{2150E333-8FDC-42A3-9474-1A3956D46DE8}") = "Persistence", "Persistence", "{C0B72853-96C7-43A9-89FC-F7E344747EE1}"
EndProject
Project("{2150E333-8FDC-42A3-9474-1A3956D46DE8}") = "Presentation", "Presentation", "{B9A21FCA-3B3D-485A-9FEB-826076B07859}"
EndProject
Project("{9A19103F-16F7-4668-BE54-9A1E7A4F7556}") = "TodoApp.ViewModel", "TodoApp\Presentation\ViewModel\TodoApp.ViewModel.csproj", "{2CC52630-F50C-4CAB-829C-8E905219EDFB}"
EndProject
Project("{2150E333-8FDC-42A3-9474-1A3956D46DE8}") = "UserApplication", "UserApplication", "{DD53C412-3CCF-48D6-A887-C208397137AF}"
EndProject
Project("{2150E333-8FDC-42A3-9474-1A3956D46DE8}") = "Tests", "Tests", "{2C6C7A8A-D40E-42D3-9A4C-CAC45F1932E4}"
EndProject
Project("{2150E333-8FDC-42A3-9474-1A3956D46DE8}") = "Utilities", "Utilities", "{31B43470-2058-4D5C-9E98-5FC42B8A5925}"
EndProject
Project("{9A19103F-16F7-4668-BE54-9A1E7A4F7556}") = "ViewModel", "Utilities\ViewModel\ViewModel.csproj", "{DC3F9245-7194-427C-9262-93F3B93DB5AB}"
EndProject
Project("{9A19103F-16F7-4668-BE54-9A1E7A4F7556}") = "TodoApp.Entities", "TodoApp\Core\Entities\TodoApp.Entities.csproj", "{ED364976-6459-4840-8099-91AADC222D50}"
EndProject
Project("{9A19103F-16F7-4668-BE54-9A1E7A4F7556}") = "CRUD", "Utilities\CRUD\CRUD.csproj", "{5FB0C0BB-D95F-4340-9191-873D88A9BA38}"
EndProject
Project("{9A19103F-16F7-4668-BE54-9A1E7A4F7556}") = "RequestHandler", "Utilities\RequestHandler\RequestHandler.csproj", "{82FC14A5-8C2A-40D6-BF47-8181E7858DA5}"
EndProject
Project("{9A19103F-16F7-4668-BE54-9A1E7A4F7556}") = "UserApi", "UserApp\Api\UserApi.csproj", "{2357955A-1502-4B54-BC5B-7A9B64759801}"
EndProject
Project("{9A19103F-16F7-4668-BE54-9A1E7A4F7556}") = "TestUtilities", "Tests\TestUtilities\TestUtilities.csproj", "{C16DDE98-876B-4551-84F0-457B25896088}"
EndProject
Project("{9A19103F-16F7-4668-BE54-9A1E7A4F7556}") = "TodoApp.DataModel.Interfaces", "TodoApp\Core\DataModel.Interfaces\TodoApp.DataModel.Interfaces.csproj", "{6B16C3CE-4D98-4C0E-8C11-1912776DF74F}"
EndProject
Project("{9A19103F-16F7-4668-BE54-9A1E7A4F7556}") = "DataModel", "TodoApp\Persistence\DataModel\DataModel.csproj", "{F83E5B6C-4802-4703-8A45-32F19655A327}"
EndProject
Project("{9A19103F-16F7-4668-BE54-9A1E7A4F7556}") = "TodoApp.DependencyRegistration", "TodoApp\Core\DependencyRegistration\TodoApp.DependencyRegistration.csproj", "{35500D36-5F48-4383-B0DC-8B0A1A5DD77D}"
EndProject
Project("{9A19103F-16F7-4668-BE54-9A1E7A4F7556}") = "TodoApp.BlazorServer", "TodoApp\Presentation\TodoApp.BlazorServer\TodoApp.BlazorServer.csproj", "{526F68D8-CF43-404F-B52D-CEEB1EF23986}"
EndProject
Global
	GlobalSection(SolutionConfigurationPlatforms) = preSolution
		Debug|Any CPU = Debug|Any CPU
		Debug|x64 = Debug|x64
		Debug|x86 = Debug|x86
		Release|Any CPU = Release|Any CPU
		Release|x64 = Release|x64
		Release|x86 = Release|x86
	EndGlobalSection
	GlobalSection(ProjectConfigurationPlatforms) = postSolution
		{3609AA13-8DB6-4213-A437-35FD78E7EEBC}.Debug|Any CPU.ActiveCfg = Debug|Any CPU
		{3609AA13-8DB6-4213-A437-35FD78E7EEBC}.Debug|Any CPU.Build.0 = Debug|Any CPU
		{3609AA13-8DB6-4213-A437-35FD78E7EEBC}.Debug|x64.ActiveCfg = Debug|Any CPU
		{3609AA13-8DB6-4213-A437-35FD78E7EEBC}.Debug|x64.Build.0 = Debug|Any CPU
		{3609AA13-8DB6-4213-A437-35FD78E7EEBC}.Debug|x86.ActiveCfg = Debug|Any CPU
		{3609AA13-8DB6-4213-A437-35FD78E7EEBC}.Debug|x86.Build.0 = Debug|Any CPU
		{3609AA13-8DB6-4213-A437-35FD78E7EEBC}.Release|Any CPU.ActiveCfg = Release|Any CPU
		{3609AA13-8DB6-4213-A437-35FD78E7EEBC}.Release|Any CPU.Build.0 = Release|Any CPU
		{3609AA13-8DB6-4213-A437-35FD78E7EEBC}.Release|x64.ActiveCfg = Release|Any CPU
		{3609AA13-8DB6-4213-A437-35FD78E7EEBC}.Release|x64.Build.0 = Release|Any CPU
		{3609AA13-8DB6-4213-A437-35FD78E7EEBC}.Release|x86.ActiveCfg = Release|Any CPU
		{3609AA13-8DB6-4213-A437-35FD78E7EEBC}.Release|x86.Build.0 = Release|Any CPU
		{5E305509-B974-4C54-A06F-98D730E74BEC}.Debug|Any CPU.ActiveCfg = Debug|Any CPU
		{5E305509-B974-4C54-A06F-98D730E74BEC}.Debug|Any CPU.Build.0 = Debug|Any CPU
		{5E305509-B974-4C54-A06F-98D730E74BEC}.Debug|x64.ActiveCfg = Debug|Any CPU
		{5E305509-B974-4C54-A06F-98D730E74BEC}.Debug|x64.Build.0 = Debug|Any CPU
		{5E305509-B974-4C54-A06F-98D730E74BEC}.Debug|x86.ActiveCfg = Debug|Any CPU
		{5E305509-B974-4C54-A06F-98D730E74BEC}.Debug|x86.Build.0 = Debug|Any CPU
		{5E305509-B974-4C54-A06F-98D730E74BEC}.Release|Any CPU.ActiveCfg = Release|Any CPU
		{5E305509-B974-4C54-A06F-98D730E74BEC}.Release|Any CPU.Build.0 = Release|Any CPU
		{5E305509-B974-4C54-A06F-98D730E74BEC}.Release|x64.ActiveCfg = Release|Any CPU
		{5E305509-B974-4C54-A06F-98D730E74BEC}.Release|x64.Build.0 = Release|Any CPU
		{5E305509-B974-4C54-A06F-98D730E74BEC}.Release|x86.ActiveCfg = Release|Any CPU
		{5E305509-B974-4C54-A06F-98D730E74BEC}.Release|x86.Build.0 = Release|Any CPU
		{19ABE6AE-6721-4432-B4E9-EB8662D88525}.Debug|Any CPU.ActiveCfg = Debug|Any CPU
		{19ABE6AE-6721-4432-B4E9-EB8662D88525}.Debug|Any CPU.Build.0 = Debug|Any CPU
		{19ABE6AE-6721-4432-B4E9-EB8662D88525}.Debug|x64.ActiveCfg = Debug|Any CPU
		{19ABE6AE-6721-4432-B4E9-EB8662D88525}.Debug|x64.Build.0 = Debug|Any CPU
		{19ABE6AE-6721-4432-B4E9-EB8662D88525}.Debug|x86.ActiveCfg = Debug|Any CPU
		{19ABE6AE-6721-4432-B4E9-EB8662D88525}.Debug|x86.Build.0 = Debug|Any CPU
		{19ABE6AE-6721-4432-B4E9-EB8662D88525}.Release|Any CPU.ActiveCfg = Release|Any CPU
		{19ABE6AE-6721-4432-B4E9-EB8662D88525}.Release|Any CPU.Build.0 = Release|Any CPU
		{19ABE6AE-6721-4432-B4E9-EB8662D88525}.Release|x64.ActiveCfg = Release|Any CPU
		{19ABE6AE-6721-4432-B4E9-EB8662D88525}.Release|x64.Build.0 = Release|Any CPU
		{19ABE6AE-6721-4432-B4E9-EB8662D88525}.Release|x86.ActiveCfg = Release|Any CPU
		{19ABE6AE-6721-4432-B4E9-EB8662D88525}.Release|x86.Build.0 = Release|Any CPU
		{4E366E0F-02FA-4F00-AC9C-FB750FBF41D7}.Debug|Any CPU.ActiveCfg = Debug|Any CPU
		{4E366E0F-02FA-4F00-AC9C-FB750FBF41D7}.Debug|Any CPU.Build.0 = Debug|Any CPU
		{4E366E0F-02FA-4F00-AC9C-FB750FBF41D7}.Debug|x64.ActiveCfg = Debug|Any CPU
		{4E366E0F-02FA-4F00-AC9C-FB750FBF41D7}.Debug|x64.Build.0 = Debug|Any CPU
		{4E366E0F-02FA-4F00-AC9C-FB750FBF41D7}.Debug|x86.ActiveCfg = Debug|Any CPU
		{4E366E0F-02FA-4F00-AC9C-FB750FBF41D7}.Debug|x86.Build.0 = Debug|Any CPU
		{4E366E0F-02FA-4F00-AC9C-FB750FBF41D7}.Release|Any CPU.ActiveCfg = Release|Any CPU
		{4E366E0F-02FA-4F00-AC9C-FB750FBF41D7}.Release|Any CPU.Build.0 = Release|Any CPU
		{4E366E0F-02FA-4F00-AC9C-FB750FBF41D7}.Release|x64.ActiveCfg = Release|Any CPU
		{4E366E0F-02FA-4F00-AC9C-FB750FBF41D7}.Release|x64.Build.0 = Release|Any CPU
		{4E366E0F-02FA-4F00-AC9C-FB750FBF41D7}.Release|x86.ActiveCfg = Release|Any CPU
		{4E366E0F-02FA-4F00-AC9C-FB750FBF41D7}.Release|x86.Build.0 = Release|Any CPU
		{2CC52630-F50C-4CAB-829C-8E905219EDFB}.Debug|Any CPU.ActiveCfg = Debug|Any CPU
		{2CC52630-F50C-4CAB-829C-8E905219EDFB}.Debug|Any CPU.Build.0 = Debug|Any CPU
		{2CC52630-F50C-4CAB-829C-8E905219EDFB}.Debug|x64.ActiveCfg = Debug|Any CPU
		{2CC52630-F50C-4CAB-829C-8E905219EDFB}.Debug|x64.Build.0 = Debug|Any CPU
		{2CC52630-F50C-4CAB-829C-8E905219EDFB}.Debug|x86.ActiveCfg = Debug|Any CPU
		{2CC52630-F50C-4CAB-829C-8E905219EDFB}.Debug|x86.Build.0 = Debug|Any CPU
		{2CC52630-F50C-4CAB-829C-8E905219EDFB}.Release|Any CPU.ActiveCfg = Release|Any CPU
		{2CC52630-F50C-4CAB-829C-8E905219EDFB}.Release|Any CPU.Build.0 = Release|Any CPU
		{2CC52630-F50C-4CAB-829C-8E905219EDFB}.Release|x64.ActiveCfg = Release|Any CPU
		{2CC52630-F50C-4CAB-829C-8E905219EDFB}.Release|x64.Build.0 = Release|Any CPU
		{2CC52630-F50C-4CAB-829C-8E905219EDFB}.Release|x86.ActiveCfg = Release|Any CPU
		{2CC52630-F50C-4CAB-829C-8E905219EDFB}.Release|x86.Build.0 = Release|Any CPU
		{DC3F9245-7194-427C-9262-93F3B93DB5AB}.Debug|Any CPU.ActiveCfg = Debug|Any CPU
		{DC3F9245-7194-427C-9262-93F3B93DB5AB}.Debug|Any CPU.Build.0 = Debug|Any CPU
		{DC3F9245-7194-427C-9262-93F3B93DB5AB}.Debug|x64.ActiveCfg = Debug|Any CPU
		{DC3F9245-7194-427C-9262-93F3B93DB5AB}.Debug|x64.Build.0 = Debug|Any CPU
		{DC3F9245-7194-427C-9262-93F3B93DB5AB}.Debug|x86.ActiveCfg = Debug|Any CPU
		{DC3F9245-7194-427C-9262-93F3B93DB5AB}.Debug|x86.Build.0 = Debug|Any CPU
		{DC3F9245-7194-427C-9262-93F3B93DB5AB}.Release|Any CPU.ActiveCfg = Release|Any CPU
		{DC3F9245-7194-427C-9262-93F3B93DB5AB}.Release|Any CPU.Build.0 = Release|Any CPU
		{DC3F9245-7194-427C-9262-93F3B93DB5AB}.Release|x64.ActiveCfg = Release|Any CPU
		{DC3F9245-7194-427C-9262-93F3B93DB5AB}.Release|x64.Build.0 = Release|Any CPU
		{DC3F9245-7194-427C-9262-93F3B93DB5AB}.Release|x86.ActiveCfg = Release|Any CPU
		{DC3F9245-7194-427C-9262-93F3B93DB5AB}.Release|x86.Build.0 = Release|Any CPU
		{ED364976-6459-4840-8099-91AADC222D50}.Debug|Any CPU.ActiveCfg = Debug|Any CPU
		{ED364976-6459-4840-8099-91AADC222D50}.Debug|Any CPU.Build.0 = Debug|Any CPU
		{ED364976-6459-4840-8099-91AADC222D50}.Debug|x64.ActiveCfg = Debug|Any CPU
		{ED364976-6459-4840-8099-91AADC222D50}.Debug|x64.Build.0 = Debug|Any CPU
		{ED364976-6459-4840-8099-91AADC222D50}.Debug|x86.ActiveCfg = Debug|Any CPU
		{ED364976-6459-4840-8099-91AADC222D50}.Debug|x86.Build.0 = Debug|Any CPU
		{ED364976-6459-4840-8099-91AADC222D50}.Release|Any CPU.ActiveCfg = Release|Any CPU
		{ED364976-6459-4840-8099-91AADC222D50}.Release|Any CPU.Build.0 = Release|Any CPU
		{ED364976-6459-4840-8099-91AADC222D50}.Release|x64.ActiveCfg = Release|Any CPU
		{ED364976-6459-4840-8099-91AADC222D50}.Release|x64.Build.0 = Release|Any CPU
		{ED364976-6459-4840-8099-91AADC222D50}.Release|x86.ActiveCfg = Release|Any CPU
		{ED364976-6459-4840-8099-91AADC222D50}.Release|x86.Build.0 = Release|Any CPU
		{5FB0C0BB-D95F-4340-9191-873D88A9BA38}.Debug|Any CPU.ActiveCfg = Debug|Any CPU
		{5FB0C0BB-D95F-4340-9191-873D88A9BA38}.Debug|Any CPU.Build.0 = Debug|Any CPU
		{5FB0C0BB-D95F-4340-9191-873D88A9BA38}.Debug|x64.ActiveCfg = Debug|Any CPU
		{5FB0C0BB-D95F-4340-9191-873D88A9BA38}.Debug|x64.Build.0 = Debug|Any CPU
		{5FB0C0BB-D95F-4340-9191-873D88A9BA38}.Debug|x86.ActiveCfg = Debug|Any CPU
		{5FB0C0BB-D95F-4340-9191-873D88A9BA38}.Debug|x86.Build.0 = Debug|Any CPU
		{5FB0C0BB-D95F-4340-9191-873D88A9BA38}.Release|Any CPU.ActiveCfg = Release|Any CPU
		{5FB0C0BB-D95F-4340-9191-873D88A9BA38}.Release|Any CPU.Build.0 = Release|Any CPU
		{5FB0C0BB-D95F-4340-9191-873D88A9BA38}.Release|x64.ActiveCfg = Release|Any CPU
		{5FB0C0BB-D95F-4340-9191-873D88A9BA38}.Release|x64.Build.0 = Release|Any CPU
		{5FB0C0BB-D95F-4340-9191-873D88A9BA38}.Release|x86.ActiveCfg = Release|Any CPU
		{5FB0C0BB-D95F-4340-9191-873D88A9BA38}.Release|x86.Build.0 = Release|Any CPU
		{82FC14A5-8C2A-40D6-BF47-8181E7858DA5}.Debug|Any CPU.ActiveCfg = Debug|Any CPU
		{82FC14A5-8C2A-40D6-BF47-8181E7858DA5}.Debug|Any CPU.Build.0 = Debug|Any CPU
		{82FC14A5-8C2A-40D6-BF47-8181E7858DA5}.Debug|x64.ActiveCfg = Debug|Any CPU
		{82FC14A5-8C2A-40D6-BF47-8181E7858DA5}.Debug|x64.Build.0 = Debug|Any CPU
		{82FC14A5-8C2A-40D6-BF47-8181E7858DA5}.Debug|x86.ActiveCfg = Debug|Any CPU
		{82FC14A5-8C2A-40D6-BF47-8181E7858DA5}.Debug|x86.Build.0 = Debug|Any CPU
		{82FC14A5-8C2A-40D6-BF47-8181E7858DA5}.Release|Any CPU.ActiveCfg = Release|Any CPU
		{82FC14A5-8C2A-40D6-BF47-8181E7858DA5}.Release|Any CPU.Build.0 = Release|Any CPU
		{82FC14A5-8C2A-40D6-BF47-8181E7858DA5}.Release|x64.ActiveCfg = Release|Any CPU
		{82FC14A5-8C2A-40D6-BF47-8181E7858DA5}.Release|x64.Build.0 = Release|Any CPU
		{82FC14A5-8C2A-40D6-BF47-8181E7858DA5}.Release|x86.ActiveCfg = Release|Any CPU
		{82FC14A5-8C2A-40D6-BF47-8181E7858DA5}.Release|x86.Build.0 = Release|Any CPU
		{2357955A-1502-4B54-BC5B-7A9B64759801}.Debug|Any CPU.ActiveCfg = Debug|Any CPU
		{2357955A-1502-4B54-BC5B-7A9B64759801}.Debug|Any CPU.Build.0 = Debug|Any CPU
		{2357955A-1502-4B54-BC5B-7A9B64759801}.Debug|x64.ActiveCfg = Debug|Any CPU
		{2357955A-1502-4B54-BC5B-7A9B64759801}.Debug|x64.Build.0 = Debug|Any CPU
		{2357955A-1502-4B54-BC5B-7A9B64759801}.Debug|x86.ActiveCfg = Debug|Any CPU
		{2357955A-1502-4B54-BC5B-7A9B64759801}.Debug|x86.Build.0 = Debug|Any CPU
		{2357955A-1502-4B54-BC5B-7A9B64759801}.Release|Any CPU.ActiveCfg = Release|Any CPU
		{2357955A-1502-4B54-BC5B-7A9B64759801}.Release|Any CPU.Build.0 = Release|Any CPU
		{2357955A-1502-4B54-BC5B-7A9B64759801}.Release|x64.ActiveCfg = Release|Any CPU
		{2357955A-1502-4B54-BC5B-7A9B64759801}.Release|x64.Build.0 = Release|Any CPU
		{2357955A-1502-4B54-BC5B-7A9B64759801}.Release|x86.ActiveCfg = Release|Any CPU
		{2357955A-1502-4B54-BC5B-7A9B64759801}.Release|x86.Build.0 = Release|Any CPU
		{C16DDE98-876B-4551-84F0-457B25896088}.Debug|Any CPU.ActiveCfg = Debug|Any CPU
		{C16DDE98-876B-4551-84F0-457B25896088}.Debug|Any CPU.Build.0 = Debug|Any CPU
		{C16DDE98-876B-4551-84F0-457B25896088}.Debug|x64.ActiveCfg = Debug|Any CPU
		{C16DDE98-876B-4551-84F0-457B25896088}.Debug|x64.Build.0 = Debug|Any CPU
		{C16DDE98-876B-4551-84F0-457B25896088}.Debug|x86.ActiveCfg = Debug|Any CPU
		{C16DDE98-876B-4551-84F0-457B25896088}.Debug|x86.Build.0 = Debug|Any CPU
		{C16DDE98-876B-4551-84F0-457B25896088}.Release|Any CPU.ActiveCfg = Release|Any CPU
		{C16DDE98-876B-4551-84F0-457B25896088}.Release|Any CPU.Build.0 = Release|Any CPU
		{C16DDE98-876B-4551-84F0-457B25896088}.Release|x64.ActiveCfg = Release|Any CPU
		{C16DDE98-876B-4551-84F0-457B25896088}.Release|x64.Build.0 = Release|Any CPU
		{C16DDE98-876B-4551-84F0-457B25896088}.Release|x86.ActiveCfg = Release|Any CPU
		{C16DDE98-876B-4551-84F0-457B25896088}.Release|x86.Build.0 = Release|Any CPU
		{6B16C3CE-4D98-4C0E-8C11-1912776DF74F}.Debug|Any CPU.ActiveCfg = Debug|Any CPU
		{6B16C3CE-4D98-4C0E-8C11-1912776DF74F}.Debug|Any CPU.Build.0 = Debug|Any CPU
		{6B16C3CE-4D98-4C0E-8C11-1912776DF74F}.Debug|x64.ActiveCfg = Debug|Any CPU
		{6B16C3CE-4D98-4C0E-8C11-1912776DF74F}.Debug|x64.Build.0 = Debug|Any CPU
		{6B16C3CE-4D98-4C0E-8C11-1912776DF74F}.Debug|x86.ActiveCfg = Debug|Any CPU
		{6B16C3CE-4D98-4C0E-8C11-1912776DF74F}.Debug|x86.Build.0 = Debug|Any CPU
		{6B16C3CE-4D98-4C0E-8C11-1912776DF74F}.Release|Any CPU.ActiveCfg = Release|Any CPU
		{6B16C3CE-4D98-4C0E-8C11-1912776DF74F}.Release|Any CPU.Build.0 = Release|Any CPU
		{6B16C3CE-4D98-4C0E-8C11-1912776DF74F}.Release|x64.ActiveCfg = Release|Any CPU
		{6B16C3CE-4D98-4C0E-8C11-1912776DF74F}.Release|x64.Build.0 = Release|Any CPU
		{6B16C3CE-4D98-4C0E-8C11-1912776DF74F}.Release|x86.ActiveCfg = Release|Any CPU
		{6B16C3CE-4D98-4C0E-8C11-1912776DF74F}.Release|x86.Build.0 = Release|Any CPU
		{F83E5B6C-4802-4703-8A45-32F19655A327}.Debug|Any CPU.ActiveCfg = Debug|Any CPU
		{F83E5B6C-4802-4703-8A45-32F19655A327}.Debug|Any CPU.Build.0 = Debug|Any CPU
		{F83E5B6C-4802-4703-8A45-32F19655A327}.Debug|x64.ActiveCfg = Debug|Any CPU
		{F83E5B6C-4802-4703-8A45-32F19655A327}.Debug|x64.Build.0 = Debug|Any CPU
		{F83E5B6C-4802-4703-8A45-32F19655A327}.Debug|x86.ActiveCfg = Debug|Any CPU
		{F83E5B6C-4802-4703-8A45-32F19655A327}.Debug|x86.Build.0 = Debug|Any CPU
		{F83E5B6C-4802-4703-8A45-32F19655A327}.Release|Any CPU.ActiveCfg = Release|Any CPU
		{F83E5B6C-4802-4703-8A45-32F19655A327}.Release|Any CPU.Build.0 = Release|Any CPU
		{F83E5B6C-4802-4703-8A45-32F19655A327}.Release|x64.ActiveCfg = Release|Any CPU
		{F83E5B6C-4802-4703-8A45-32F19655A327}.Release|x64.Build.0 = Release|Any CPU
		{F83E5B6C-4802-4703-8A45-32F19655A327}.Release|x86.ActiveCfg = Release|Any CPU
		{F83E5B6C-4802-4703-8A45-32F19655A327}.Release|x86.Build.0 = Release|Any CPU
		{35500D36-5F48-4383-B0DC-8B0A1A5DD77D}.Debug|Any CPU.ActiveCfg = Debug|Any CPU
		{35500D36-5F48-4383-B0DC-8B0A1A5DD77D}.Debug|Any CPU.Build.0 = Debug|Any CPU
		{35500D36-5F48-4383-B0DC-8B0A1A5DD77D}.Debug|x64.ActiveCfg = Debug|Any CPU
		{35500D36-5F48-4383-B0DC-8B0A1A5DD77D}.Debug|x64.Build.0 = Debug|Any CPU
		{35500D36-5F48-4383-B0DC-8B0A1A5DD77D}.Debug|x86.ActiveCfg = Debug|Any CPU
		{35500D36-5F48-4383-B0DC-8B0A1A5DD77D}.Debug|x86.Build.0 = Debug|Any CPU
		{35500D36-5F48-4383-B0DC-8B0A1A5DD77D}.Release|Any CPU.ActiveCfg = Release|Any CPU
		{35500D36-5F48-4383-B0DC-8B0A1A5DD77D}.Release|Any CPU.Build.0 = Release|Any CPU
		{35500D36-5F48-4383-B0DC-8B0A1A5DD77D}.Release|x64.ActiveCfg = Release|Any CPU
		{35500D36-5F48-4383-B0DC-8B0A1A5DD77D}.Release|x64.Build.0 = Release|Any CPU
		{35500D36-5F48-4383-B0DC-8B0A1A5DD77D}.Release|x86.ActiveCfg = Release|Any CPU
		{35500D36-5F48-4383-B0DC-8B0A1A5DD77D}.Release|x86.Build.0 = Release|Any CPU
		{526F68D8-CF43-404F-B52D-CEEB1EF23986}.Debug|Any CPU.ActiveCfg = Debug|Any CPU
		{526F68D8-CF43-404F-B52D-CEEB1EF23986}.Debug|Any CPU.Build.0 = Debug|Any CPU
		{526F68D8-CF43-404F-B52D-CEEB1EF23986}.Debug|x64.ActiveCfg = Debug|Any CPU
		{526F68D8-CF43-404F-B52D-CEEB1EF23986}.Debug|x64.Build.0 = Debug|Any CPU
		{526F68D8-CF43-404F-B52D-CEEB1EF23986}.Debug|x86.ActiveCfg = Debug|Any CPU
		{526F68D8-CF43-404F-B52D-CEEB1EF23986}.Debug|x86.Build.0 = Debug|Any CPU
		{526F68D8-CF43-404F-B52D-CEEB1EF23986}.Release|Any CPU.ActiveCfg = Release|Any CPU
		{526F68D8-CF43-404F-B52D-CEEB1EF23986}.Release|Any CPU.Build.0 = Release|Any CPU
		{526F68D8-CF43-404F-B52D-CEEB1EF23986}.Release|x64.ActiveCfg = Release|Any CPU
		{526F68D8-CF43-404F-B52D-CEEB1EF23986}.Release|x64.Build.0 = Release|Any CPU
		{526F68D8-CF43-404F-B52D-CEEB1EF23986}.Release|x86.ActiveCfg = Release|Any CPU
		{526F68D8-CF43-404F-B52D-CEEB1EF23986}.Release|x86.Build.0 = Release|Any CPU
	EndGlobalSection
	GlobalSection(SolutionProperties) = preSolution
		HideSolutionNode = FALSE
	EndGlobalSection
	GlobalSection(NestedProjects) = preSolution
		{3609AA13-8DB6-4213-A437-35FD78E7EEBC} = {2C6C7A8A-D40E-42D3-9A4C-CAC45F1932E4}
		{5E305509-B974-4C54-A06F-98D730E74BEC} = {2C6C7A8A-D40E-42D3-9A4C-CAC45F1932E4}
		{19ABE6AE-6721-4432-B4E9-EB8662D88525} = {4BA626B0-6D15-4D2A-AD52-66AC0E39985C}
		{4E366E0F-02FA-4F00-AC9C-FB750FBF41D7} = {4BA626B0-6D15-4D2A-AD52-66AC0E39985C}
		{4BA626B0-6D15-4D2A-AD52-66AC0E39985C} = {FA202727-7954-4150-843B-6AB9F56F6A03}
		{C0B72853-96C7-43A9-89FC-F7E344747EE1} = {FA202727-7954-4150-843B-6AB9F56F6A03}
		{B9A21FCA-3B3D-485A-9FEB-826076B07859} = {FA202727-7954-4150-843B-6AB9F56F6A03}
		{2CC52630-F50C-4CAB-829C-8E905219EDFB} = {B9A21FCA-3B3D-485A-9FEB-826076B07859}
		{DC3F9245-7194-427C-9262-93F3B93DB5AB} = {31B43470-2058-4D5C-9E98-5FC42B8A5925}
		{ED364976-6459-4840-8099-91AADC222D50} = {4BA626B0-6D15-4D2A-AD52-66AC0E39985C}
		{5FB0C0BB-D95F-4340-9191-873D88A9BA38} = {31B43470-2058-4D5C-9E98-5FC42B8A5925}
		{82FC14A5-8C2A-40D6-BF47-8181E7858DA5} = {31B43470-2058-4D5C-9E98-5FC42B8A5925}
		{2357955A-1502-4B54-BC5B-7A9B64759801} = {DD53C412-3CCF-48D6-A887-C208397137AF}
		{C16DDE98-876B-4551-84F0-457B25896088} = {2C6C7A8A-D40E-42D3-9A4C-CAC45F1932E4}
		{6B16C3CE-4D98-4C0E-8C11-1912776DF74F} = {4BA626B0-6D15-4D2A-AD52-66AC0E39985C}
		{F83E5B6C-4802-4703-8A45-32F19655A327} = {C0B72853-96C7-43A9-89FC-F7E344747EE1}
		{35500D36-5F48-4383-B0DC-8B0A1A5DD77D} = {4BA626B0-6D15-4D2A-AD52-66AC0E39985C}
		{526F68D8-CF43-404F-B52D-CEEB1EF23986} = {B9A21FCA-3B3D-485A-9FEB-826076B07859}
	EndGlobalSection
	GlobalSection(ExtensibilityGlobals) = postSolution
		SolutionGuid = {7C31285F-C8C3-47E0-8327-8504D5913126}
	EndGlobalSection
EndGlobal
