
Microsoft Visual Studio Solution File, Format Version 12.00
# Visual Studio Version 16
VisualStudioVersion = 16.0.29920.165
MinimumVisualStudioVersion = 15.0.26124.0
Project("{9A19103F-16F7-4668-BE54-9A1E7A4F7556}") = "TodoApiTests", "Tests\TodoApiTests\TodoApiTests.csproj", "{3609AA13-8DB6-4213-A437-35FD78E7EEBC}"
EndProject
Project("{9A19103F-16F7-4668-BE54-9A1E7A4F7556}") = "UserApiTests", "Tests\UserApiTests\UserApiTests.csproj", "{5E305509-B974-4C54-A06F-98D730E74BEC}"
EndProject
Project("{2150E333-8FDC-42A3-9474-1A3956D46DE8}") = "TodoApp", "TodoApp", "{FA202727-7954-4150-843B-6AB9F56F6A03}"
	ProjectSection(SolutionItems) = preProject
		README.md = README.md
	EndProjectSection
EndProject
Project("{9A19103F-16F7-4668-BE54-9A1E7A4F7556}") = "TodoApp.Api", "TodoApp\Core\Api\TodoApp.Api.csproj", "{19ABE6AE-6721-4432-B4E9-EB8662D88525}"
EndProject
Project("{9A19103F-16F7-4668-BE54-9A1E7A4F7556}") = "TodoApp.CQRS", "TodoApp\Core\CQRS\TodoApp.CQRS.csproj", "{4E366E0F-02FA-4F00-AC9C-FB750FBF41D7}"
EndProject
Project("{2150E333-8FDC-42A3-9474-1A3956D46DE8}") = "Core", "Core", "{4BA626B0-6D15-4D2A-AD52-66AC0E39985C}"
EndProject
Project("{2150E333-8FDC-42A3-9474-1A3956D46DE8}") = "Persistence", "Persistence", "{C0B72853-96C7-43A9-89FC-F7E344747EE1}"
EndProject
Project("{2150E333-8FDC-42A3-9474-1A3956D46DE8}") = "Presentation", "Presentation", "{B9A21FCA-3B3D-485A-9FEB-826076B07859}"
EndProject
Project("{2150E333-8FDC-42A3-9474-1A3956D46DE8}") = "UserApplication", "UserApplication", "{DD53C412-3CCF-48D6-A887-C208397137AF}"
EndProject
Project("{2150E333-8FDC-42A3-9474-1A3956D46DE8}") = "Tests", "Tests", "{2C6C7A8A-D40E-42D3-9A4C-CAC45F1932E4}"
EndProject
Project("{2150E333-8FDC-42A3-9474-1A3956D46DE8}") = "Utilities", "Utilities", "{31B43470-2058-4D5C-9E98-5FC42B8A5925}"
EndProject
Project("{9A19103F-16F7-4668-BE54-9A1E7A4F7556}") = "CRUD", "Utilities\CRUD\CRUD.csproj", "{5FB0C0BB-D95F-4340-9191-873D88A9BA38}"
EndProject
Project("{9A19103F-16F7-4668-BE54-9A1E7A4F7556}") = "RequestHandler", "Utilities\RequestHandler\RequestHandler.csproj", "{82FC14A5-8C2A-40D6-BF47-8181E7858DA5}"
EndProject
Project("{9A19103F-16F7-4668-BE54-9A1E7A4F7556}") = "TestUtilities", "Tests\TestUtilities\TestUtilities.csproj", "{C16DDE98-876B-4551-84F0-457B25896088}"
EndProject
Project("{9A19103F-16F7-4668-BE54-9A1E7A4F7556}") = "TodoApp.DataModel.Interfaces", "TodoApp\Core\DataModel.Interfaces\TodoApp.DataModel.Interfaces.csproj", "{6B16C3CE-4D98-4C0E-8C11-1912776DF74F}"
EndProject
Project("{9A19103F-16F7-4668-BE54-9A1E7A4F7556}") = "TodoApp.DataModel", "TodoApp\Persistence\DataModel\TodoApp.DataModel.csproj", "{F83E5B6C-4802-4703-8A45-32F19655A327}"
EndProject
Project("{9A19103F-16F7-4668-BE54-9A1E7A4F7556}") = "TodoApp.DependencyRegistration", "TodoApp\Core\DependencyRegistration\TodoApp.DependencyRegistration.csproj", "{35500D36-5F48-4383-B0DC-8B0A1A5DD77D}"
EndProject
Project("{9A19103F-16F7-4668-BE54-9A1E7A4F7556}") = "TodoApp.BlazorServer", "TodoApp\Presentation\BlazorServer\TodoApp.BlazorServer.csproj", "{526F68D8-CF43-404F-B52D-CEEB1EF23986}"
EndProject
Project("{9A19103F-16F7-4668-BE54-9A1E7A4F7556}") = "TodoApp.BlazorClient", "TodoApp\Presentation\BlazorClient\TodoApp.BlazorClient.csproj", "{87DE9643-7AA6-4EBE-8689-98AB04F52045}"
EndProject
Project("{9A19103F-16F7-4668-BE54-9A1E7A4F7556}") = "UtilitiesTests", "Tests\UtilitiesTests\UtilitiesTests.csproj", "{F7994880-2F76-42B7-A6C7-55C99C89BB13}"
EndProject
Project("{9A19103F-16F7-4668-BE54-9A1E7A4F7556}") = "TodoApp.Domain", "TodoApp\Core\Domain\TodoApp.Domain.csproj", "{F9F75A94-1EE8-475B-80F8-3EBB19C78923}"
EndProject
Project("{9A19103F-16F7-4668-BE54-9A1E7A4F7556}") = "TodoApp.Entities", "TodoApp\Core\Entities\TodoApp.Entities.csproj", "{CAF0BDB0-3546-4ABD-951A-D924F89F1074}"
EndProject
Project("{9A19103F-16F7-4668-BE54-9A1E7A4F7556}") = "Extensions", "Utilities\Extensions\Extensions.csproj", "{31500E24-36A2-43DE-A2D5-52449E307362}"
EndProject
Project("{9A19103F-16F7-4668-BE54-9A1E7A4F7556}") = "ViewModel", "Utilities\ViewModel\ViewModel.csproj", "{D0487808-A87B-4776-9A59-13C5FC4FB6E0}"
EndProject
Project("{9A19103F-16F7-4668-BE54-9A1E7A4F7556}") = "TodoApp.ViewModel", "TodoApp\Presentation\ViewModel\TodoApp.ViewModel.csproj", "{179F6E9D-A3BC-455B-99F7-2969E87E0DD7}"
EndProject
Global
	GlobalSection(SolutionConfigurationPlatforms) = preSolution
		Debug|Any CPU = Debug|Any CPU
		Debug|x64 = Debug|x64
		Debug|x86 = Debug|x86
		Release|Any CPU = Release|Any CPU
		Release|x64 = Release|x64
		Release|x86 = Release|x86
	EndGlobalSection
	GlobalSection(ProjectConfigurationPlatforms) = postSolution
		{3609AA13-8DB6-4213-A437-35FD78E7EEBC}.Debug|Any CPU.ActiveCfg = Debug|Any CPU
		{3609AA13-8DB6-4213-A437-35FD78E7EEBC}.Debug|Any CPU.Build.0 = Debug|Any CPU
		{3609AA13-8DB6-4213-A437-35FD78E7EEBC}.Debug|x64.ActiveCfg = Debug|Any CPU
		{3609AA13-8DB6-4213-A437-35FD78E7EEBC}.Debug|x64.Build.0 = Debug|Any CPU
		{3609AA13-8DB6-4213-A437-35FD78E7EEBC}.Debug|x86.ActiveCfg = Debug|Any CPU
		{3609AA13-8DB6-4213-A437-35FD78E7EEBC}.Debug|x86.Build.0 = Debug|Any CPU
		{3609AA13-8DB6-4213-A437-35FD78E7EEBC}.Release|Any CPU.ActiveCfg = Release|Any CPU
		{3609AA13-8DB6-4213-A437-35FD78E7EEBC}.Release|Any CPU.Build.0 = Release|Any CPU
		{3609AA13-8DB6-4213-A437-35FD78E7EEBC}.Release|x64.ActiveCfg = Release|Any CPU
		{3609AA13-8DB6-4213-A437-35FD78E7EEBC}.Release|x64.Build.0 = Release|Any CPU
		{3609AA13-8DB6-4213-A437-35FD78E7EEBC}.Release|x86.ActiveCfg = Release|Any CPU
		{3609AA13-8DB6-4213-A437-35FD78E7EEBC}.Release|x86.Build.0 = Release|Any CPU
		{5E305509-B974-4C54-A06F-98D730E74BEC}.Debug|Any CPU.ActiveCfg = Debug|Any CPU
		{5E305509-B974-4C54-A06F-98D730E74BEC}.Debug|Any CPU.Build.0 = Debug|Any CPU
		{5E305509-B974-4C54-A06F-98D730E74BEC}.Debug|x64.ActiveCfg = Debug|Any CPU
		{5E305509-B974-4C54-A06F-98D730E74BEC}.Debug|x64.Build.0 = Debug|Any CPU
		{5E305509-B974-4C54-A06F-98D730E74BEC}.Debug|x86.ActiveCfg = Debug|Any CPU
		{5E305509-B974-4C54-A06F-98D730E74BEC}.Debug|x86.Build.0 = Debug|Any CPU
		{5E305509-B974-4C54-A06F-98D730E74BEC}.Release|Any CPU.ActiveCfg = Release|Any CPU
		{5E305509-B974-4C54-A06F-98D730E74BEC}.Release|Any CPU.Build.0 = Release|Any CPU
		{5E305509-B974-4C54-A06F-98D730E74BEC}.Release|x64.ActiveCfg = Release|Any CPU
		{5E305509-B974-4C54-A06F-98D730E74BEC}.Release|x64.Build.0 = Release|Any CPU
		{5E305509-B974-4C54-A06F-98D730E74BEC}.Release|x86.ActiveCfg = Release|Any CPU
		{5E305509-B974-4C54-A06F-98D730E74BEC}.Release|x86.Build.0 = Release|Any CPU
		{19ABE6AE-6721-4432-B4E9-EB8662D88525}.Debug|Any CPU.ActiveCfg = Debug|Any CPU
		{19ABE6AE-6721-4432-B4E9-EB8662D88525}.Debug|Any CPU.Build.0 = Debug|Any CPU
		{19ABE6AE-6721-4432-B4E9-EB8662D88525}.Debug|x64.ActiveCfg = Debug|Any CPU
		{19ABE6AE-6721-4432-B4E9-EB8662D88525}.Debug|x64.Build.0 = Debug|Any CPU
		{19ABE6AE-6721-4432-B4E9-EB8662D88525}.Debug|x86.ActiveCfg = Debug|Any CPU
		{19ABE6AE-6721-4432-B4E9-EB8662D88525}.Debug|x86.Build.0 = Debug|Any CPU
		{19ABE6AE-6721-4432-B4E9-EB8662D88525}.Release|Any CPU.ActiveCfg = Release|Any CPU
		{19ABE6AE-6721-4432-B4E9-EB8662D88525}.Release|Any CPU.Build.0 = Release|Any CPU
		{19ABE6AE-6721-4432-B4E9-EB8662D88525}.Release|x64.ActiveCfg = Release|Any CPU
		{19ABE6AE-6721-4432-B4E9-EB8662D88525}.Release|x64.Build.0 = Release|Any CPU
		{19ABE6AE-6721-4432-B4E9-EB8662D88525}.Release|x86.ActiveCfg = Release|Any CPU
		{19ABE6AE-6721-4432-B4E9-EB8662D88525}.Release|x86.Build.0 = Release|Any CPU
		{4E366E0F-02FA-4F00-AC9C-FB750FBF41D7}.Debug|Any CPU.ActiveCfg = Debug|Any CPU
		{4E366E0F-02FA-4F00-AC9C-FB750FBF41D7}.Debug|Any CPU.Build.0 = Debug|Any CPU
		{4E366E0F-02FA-4F00-AC9C-FB750FBF41D7}.Debug|x64.ActiveCfg = Debug|Any CPU
		{4E366E0F-02FA-4F00-AC9C-FB750FBF41D7}.Debug|x64.Build.0 = Debug|Any CPU
		{4E366E0F-02FA-4F00-AC9C-FB750FBF41D7}.Debug|x86.ActiveCfg = Debug|Any CPU
		{4E366E0F-02FA-4F00-AC9C-FB750FBF41D7}.Debug|x86.Build.0 = Debug|Any CPU
		{4E366E0F-02FA-4F00-AC9C-FB750FBF41D7}.Release|Any CPU.ActiveCfg = Release|Any CPU
		{4E366E0F-02FA-4F00-AC9C-FB750FBF41D7}.Release|Any CPU.Build.0 = Release|Any CPU
		{4E366E0F-02FA-4F00-AC9C-FB750FBF41D7}.Release|x64.ActiveCfg = Release|Any CPU
		{4E366E0F-02FA-4F00-AC9C-FB750FBF41D7}.Release|x64.Build.0 = Release|Any CPU
		{4E366E0F-02FA-4F00-AC9C-FB750FBF41D7}.Release|x86.ActiveCfg = Release|Any CPU
		{4E366E0F-02FA-4F00-AC9C-FB750FBF41D7}.Release|x86.Build.0 = Release|Any CPU
		{5FB0C0BB-D95F-4340-9191-873D88A9BA38}.Debug|Any CPU.ActiveCfg = Debug|Any CPU
		{5FB0C0BB-D95F-4340-9191-873D88A9BA38}.Debug|Any CPU.Build.0 = Debug|Any CPU
		{5FB0C0BB-D95F-4340-9191-873D88A9BA38}.Debug|x64.ActiveCfg = Debug|Any CPU
		{5FB0C0BB-D95F-4340-9191-873D88A9BA38}.Debug|x64.Build.0 = Debug|Any CPU
		{5FB0C0BB-D95F-4340-9191-873D88A9BA38}.Debug|x86.ActiveCfg = Debug|Any CPU
		{5FB0C0BB-D95F-4340-9191-873D88A9BA38}.Debug|x86.Build.0 = Debug|Any CPU
		{5FB0C0BB-D95F-4340-9191-873D88A9BA38}.Release|Any CPU.ActiveCfg = Release|Any CPU
		{5FB0C0BB-D95F-4340-9191-873D88A9BA38}.Release|Any CPU.Build.0 = Release|Any CPU
		{5FB0C0BB-D95F-4340-9191-873D88A9BA38}.Release|x64.ActiveCfg = Release|Any CPU
		{5FB0C0BB-D95F-4340-9191-873D88A9BA38}.Release|x64.Build.0 = Release|Any CPU
		{5FB0C0BB-D95F-4340-9191-873D88A9BA38}.Release|x86.ActiveCfg = Release|Any CPU
		{5FB0C0BB-D95F-4340-9191-873D88A9BA38}.Release|x86.Build.0 = Release|Any CPU
		{82FC14A5-8C2A-40D6-BF47-8181E7858DA5}.Debug|Any CPU.ActiveCfg = Debug|Any CPU
		{82FC14A5-8C2A-40D6-BF47-8181E7858DA5}.Debug|Any CPU.Build.0 = Debug|Any CPU
		{82FC14A5-8C2A-40D6-BF47-8181E7858DA5}.Debug|x64.ActiveCfg = Debug|Any CPU
		{82FC14A5-8C2A-40D6-BF47-8181E7858DA5}.Debug|x64.Build.0 = Debug|Any CPU
		{82FC14A5-8C2A-40D6-BF47-8181E7858DA5}.Debug|x86.ActiveCfg = Debug|Any CPU
		{82FC14A5-8C2A-40D6-BF47-8181E7858DA5}.Debug|x86.Build.0 = Debug|Any CPU
		{82FC14A5-8C2A-40D6-BF47-8181E7858DA5}.Release|Any CPU.ActiveCfg = Release|Any CPU
		{82FC14A5-8C2A-40D6-BF47-8181E7858DA5}.Release|Any CPU.Build.0 = Release|Any CPU
		{82FC14A5-8C2A-40D6-BF47-8181E7858DA5}.Release|x64.ActiveCfg = Release|Any CPU
		{82FC14A5-8C2A-40D6-BF47-8181E7858DA5}.Release|x64.Build.0 = Release|Any CPU
		{82FC14A5-8C2A-40D6-BF47-8181E7858DA5}.Release|x86.ActiveCfg = Release|Any CPU
		{82FC14A5-8C2A-40D6-BF47-8181E7858DA5}.Release|x86.Build.0 = Release|Any CPU
		{C16DDE98-876B-4551-84F0-457B25896088}.Debug|Any CPU.ActiveCfg = Debug|Any CPU
		{C16DDE98-876B-4551-84F0-457B25896088}.Debug|Any CPU.Build.0 = Debug|Any CPU
		{C16DDE98-876B-4551-84F0-457B25896088}.Debug|x64.ActiveCfg = Debug|Any CPU
		{C16DDE98-876B-4551-84F0-457B25896088}.Debug|x64.Build.0 = Debug|Any CPU
		{C16DDE98-876B-4551-84F0-457B25896088}.Debug|x86.ActiveCfg = Debug|Any CPU
		{C16DDE98-876B-4551-84F0-457B25896088}.Debug|x86.Build.0 = Debug|Any CPU
		{C16DDE98-876B-4551-84F0-457B25896088}.Release|Any CPU.ActiveCfg = Release|Any CPU
		{C16DDE98-876B-4551-84F0-457B25896088}.Release|Any CPU.Build.0 = Release|Any CPU
		{C16DDE98-876B-4551-84F0-457B25896088}.Release|x64.ActiveCfg = Release|Any CPU
		{C16DDE98-876B-4551-84F0-457B25896088}.Release|x64.Build.0 = Release|Any CPU
		{C16DDE98-876B-4551-84F0-457B25896088}.Release|x86.ActiveCfg = Release|Any CPU
		{C16DDE98-876B-4551-84F0-457B25896088}.Release|x86.Build.0 = Release|Any CPU
		{6B16C3CE-4D98-4C0E-8C11-1912776DF74F}.Debug|Any CPU.ActiveCfg = Debug|Any CPU
		{6B16C3CE-4D98-4C0E-8C11-1912776DF74F}.Debug|Any CPU.Build.0 = Debug|Any CPU
		{6B16C3CE-4D98-4C0E-8C11-1912776DF74F}.Debug|x64.ActiveCfg = Debug|Any CPU
		{6B16C3CE-4D98-4C0E-8C11-1912776DF74F}.Debug|x64.Build.0 = Debug|Any CPU
		{6B16C3CE-4D98-4C0E-8C11-1912776DF74F}.Debug|x86.ActiveCfg = Debug|Any CPU
		{6B16C3CE-4D98-4C0E-8C11-1912776DF74F}.Debug|x86.Build.0 = Debug|Any CPU
		{6B16C3CE-4D98-4C0E-8C11-1912776DF74F}.Release|Any CPU.ActiveCfg = Release|Any CPU
		{6B16C3CE-4D98-4C0E-8C11-1912776DF74F}.Release|Any CPU.Build.0 = Release|Any CPU
		{6B16C3CE-4D98-4C0E-8C11-1912776DF74F}.Release|x64.ActiveCfg = Release|Any CPU
		{6B16C3CE-4D98-4C0E-8C11-1912776DF74F}.Release|x64.Build.0 = Release|Any CPU
		{6B16C3CE-4D98-4C0E-8C11-1912776DF74F}.Release|x86.ActiveCfg = Release|Any CPU
		{6B16C3CE-4D98-4C0E-8C11-1912776DF74F}.Release|x86.Build.0 = Release|Any CPU
		{F83E5B6C-4802-4703-8A45-32F19655A327}.Debug|Any CPU.ActiveCfg = Debug|Any CPU
		{F83E5B6C-4802-4703-8A45-32F19655A327}.Debug|Any CPU.Build.0 = Debug|Any CPU
		{F83E5B6C-4802-4703-8A45-32F19655A327}.Debug|x64.ActiveCfg = Debug|Any CPU
		{F83E5B6C-4802-4703-8A45-32F19655A327}.Debug|x64.Build.0 = Debug|Any CPU
		{F83E5B6C-4802-4703-8A45-32F19655A327}.Debug|x86.ActiveCfg = Debug|Any CPU
		{F83E5B6C-4802-4703-8A45-32F19655A327}.Debug|x86.Build.0 = Debug|Any CPU
		{F83E5B6C-4802-4703-8A45-32F19655A327}.Release|Any CPU.ActiveCfg = Release|Any CPU
		{F83E5B6C-4802-4703-8A45-32F19655A327}.Release|Any CPU.Build.0 = Release|Any CPU
		{F83E5B6C-4802-4703-8A45-32F19655A327}.Release|x64.ActiveCfg = Release|Any CPU
		{F83E5B6C-4802-4703-8A45-32F19655A327}.Release|x64.Build.0 = Release|Any CPU
		{F83E5B6C-4802-4703-8A45-32F19655A327}.Release|x86.ActiveCfg = Release|Any CPU
		{F83E5B6C-4802-4703-8A45-32F19655A327}.Release|x86.Build.0 = Release|Any CPU
		{35500D36-5F48-4383-B0DC-8B0A1A5DD77D}.Debug|Any CPU.ActiveCfg = Debug|Any CPU
		{35500D36-5F48-4383-B0DC-8B0A1A5DD77D}.Debug|Any CPU.Build.0 = Debug|Any CPU
		{35500D36-5F48-4383-B0DC-8B0A1A5DD77D}.Debug|x64.ActiveCfg = Debug|Any CPU
		{35500D36-5F48-4383-B0DC-8B0A1A5DD77D}.Debug|x64.Build.0 = Debug|Any CPU
		{35500D36-5F48-4383-B0DC-8B0A1A5DD77D}.Debug|x86.ActiveCfg = Debug|Any CPU
		{35500D36-5F48-4383-B0DC-8B0A1A5DD77D}.Debug|x86.Build.0 = Debug|Any CPU
		{35500D36-5F48-4383-B0DC-8B0A1A5DD77D}.Release|Any CPU.ActiveCfg = Release|Any CPU
		{35500D36-5F48-4383-B0DC-8B0A1A5DD77D}.Release|Any CPU.Build.0 = Release|Any CPU
		{35500D36-5F48-4383-B0DC-8B0A1A5DD77D}.Release|x64.ActiveCfg = Release|Any CPU
		{35500D36-5F48-4383-B0DC-8B0A1A5DD77D}.Release|x64.Build.0 = Release|Any CPU
		{35500D36-5F48-4383-B0DC-8B0A1A5DD77D}.Release|x86.ActiveCfg = Release|Any CPU
		{35500D36-5F48-4383-B0DC-8B0A1A5DD77D}.Release|x86.Build.0 = Release|Any CPU
		{526F68D8-CF43-404F-B52D-CEEB1EF23986}.Debug|Any CPU.ActiveCfg = Debug|Any CPU
		{526F68D8-CF43-404F-B52D-CEEB1EF23986}.Debug|Any CPU.Build.0 = Debug|Any CPU
		{526F68D8-CF43-404F-B52D-CEEB1EF23986}.Debug|x64.ActiveCfg = Debug|Any CPU
		{526F68D8-CF43-404F-B52D-CEEB1EF23986}.Debug|x64.Build.0 = Debug|Any CPU
		{526F68D8-CF43-404F-B52D-CEEB1EF23986}.Debug|x86.ActiveCfg = Debug|Any CPU
		{526F68D8-CF43-404F-B52D-CEEB1EF23986}.Debug|x86.Build.0 = Debug|Any CPU
		{526F68D8-CF43-404F-B52D-CEEB1EF23986}.Release|Any CPU.ActiveCfg = Release|Any CPU
		{526F68D8-CF43-404F-B52D-CEEB1EF23986}.Release|Any CPU.Build.0 = Release|Any CPU
		{526F68D8-CF43-404F-B52D-CEEB1EF23986}.Release|x64.ActiveCfg = Release|Any CPU
		{526F68D8-CF43-404F-B52D-CEEB1EF23986}.Release|x64.Build.0 = Release|Any CPU
		{526F68D8-CF43-404F-B52D-CEEB1EF23986}.Release|x86.ActiveCfg = Release|Any CPU
		{526F68D8-CF43-404F-B52D-CEEB1EF23986}.Release|x86.Build.0 = Release|Any CPU
		{87DE9643-7AA6-4EBE-8689-98AB04F52045}.Debug|Any CPU.ActiveCfg = Debug|Any CPU
		{87DE9643-7AA6-4EBE-8689-98AB04F52045}.Debug|Any CPU.Build.0 = Debug|Any CPU
		{87DE9643-7AA6-4EBE-8689-98AB04F52045}.Debug|x64.ActiveCfg = Debug|Any CPU
		{87DE9643-7AA6-4EBE-8689-98AB04F52045}.Debug|x64.Build.0 = Debug|Any CPU
		{87DE9643-7AA6-4EBE-8689-98AB04F52045}.Debug|x86.ActiveCfg = Debug|Any CPU
		{87DE9643-7AA6-4EBE-8689-98AB04F52045}.Debug|x86.Build.0 = Debug|Any CPU
		{87DE9643-7AA6-4EBE-8689-98AB04F52045}.Release|Any CPU.ActiveCfg = Release|Any CPU
		{87DE9643-7AA6-4EBE-8689-98AB04F52045}.Release|Any CPU.Build.0 = Release|Any CPU
		{87DE9643-7AA6-4EBE-8689-98AB04F52045}.Release|x64.ActiveCfg = Release|Any CPU
		{87DE9643-7AA6-4EBE-8689-98AB04F52045}.Release|x64.Build.0 = Release|Any CPU
		{87DE9643-7AA6-4EBE-8689-98AB04F52045}.Release|x86.ActiveCfg = Release|Any CPU
		{87DE9643-7AA6-4EBE-8689-98AB04F52045}.Release|x86.Build.0 = Release|Any CPU
		{F7994880-2F76-42B7-A6C7-55C99C89BB13}.Debug|Any CPU.ActiveCfg = Debug|Any CPU
		{F7994880-2F76-42B7-A6C7-55C99C89BB13}.Debug|Any CPU.Build.0 = Debug|Any CPU
		{F7994880-2F76-42B7-A6C7-55C99C89BB13}.Debug|x64.ActiveCfg = Debug|Any CPU
		{F7994880-2F76-42B7-A6C7-55C99C89BB13}.Debug|x64.Build.0 = Debug|Any CPU
		{F7994880-2F76-42B7-A6C7-55C99C89BB13}.Debug|x86.ActiveCfg = Debug|Any CPU
		{F7994880-2F76-42B7-A6C7-55C99C89BB13}.Debug|x86.Build.0 = Debug|Any CPU
		{F7994880-2F76-42B7-A6C7-55C99C89BB13}.Release|Any CPU.ActiveCfg = Release|Any CPU
		{F7994880-2F76-42B7-A6C7-55C99C89BB13}.Release|Any CPU.Build.0 = Release|Any CPU
		{F7994880-2F76-42B7-A6C7-55C99C89BB13}.Release|x64.ActiveCfg = Release|Any CPU
		{F7994880-2F76-42B7-A6C7-55C99C89BB13}.Release|x64.Build.0 = Release|Any CPU
		{F7994880-2F76-42B7-A6C7-55C99C89BB13}.Release|x86.ActiveCfg = Release|Any CPU
		{F7994880-2F76-42B7-A6C7-55C99C89BB13}.Release|x86.Build.0 = Release|Any CPU
		{F9F75A94-1EE8-475B-80F8-3EBB19C78923}.Debug|Any CPU.ActiveCfg = Debug|Any CPU
		{F9F75A94-1EE8-475B-80F8-3EBB19C78923}.Debug|Any CPU.Build.0 = Debug|Any CPU
		{F9F75A94-1EE8-475B-80F8-3EBB19C78923}.Debug|x64.ActiveCfg = Debug|Any CPU
		{F9F75A94-1EE8-475B-80F8-3EBB19C78923}.Debug|x64.Build.0 = Debug|Any CPU
		{F9F75A94-1EE8-475B-80F8-3EBB19C78923}.Debug|x86.ActiveCfg = Debug|Any CPU
		{F9F75A94-1EE8-475B-80F8-3EBB19C78923}.Debug|x86.Build.0 = Debug|Any CPU
		{F9F75A94-1EE8-475B-80F8-3EBB19C78923}.Release|Any CPU.ActiveCfg = Release|Any CPU
		{F9F75A94-1EE8-475B-80F8-3EBB19C78923}.Release|Any CPU.Build.0 = Release|Any CPU
		{F9F75A94-1EE8-475B-80F8-3EBB19C78923}.Release|x64.ActiveCfg = Release|Any CPU
		{F9F75A94-1EE8-475B-80F8-3EBB19C78923}.Release|x64.Build.0 = Release|Any CPU
		{F9F75A94-1EE8-475B-80F8-3EBB19C78923}.Release|x86.ActiveCfg = Release|Any CPU
		{F9F75A94-1EE8-475B-80F8-3EBB19C78923}.Release|x86.Build.0 = Release|Any CPU
		{CAF0BDB0-3546-4ABD-951A-D924F89F1074}.Debug|Any CPU.ActiveCfg = Debug|Any CPU
		{CAF0BDB0-3546-4ABD-951A-D924F89F1074}.Debug|Any CPU.Build.0 = Debug|Any CPU
		{CAF0BDB0-3546-4ABD-951A-D924F89F1074}.Debug|x64.ActiveCfg = Debug|Any CPU
		{CAF0BDB0-3546-4ABD-951A-D924F89F1074}.Debug|x64.Build.0 = Debug|Any CPU
		{CAF0BDB0-3546-4ABD-951A-D924F89F1074}.Debug|x86.ActiveCfg = Debug|Any CPU
		{CAF0BDB0-3546-4ABD-951A-D924F89F1074}.Debug|x86.Build.0 = Debug|Any CPU
		{CAF0BDB0-3546-4ABD-951A-D924F89F1074}.Release|Any CPU.ActiveCfg = Release|Any CPU
		{CAF0BDB0-3546-4ABD-951A-D924F89F1074}.Release|Any CPU.Build.0 = Release|Any CPU
		{CAF0BDB0-3546-4ABD-951A-D924F89F1074}.Release|x64.ActiveCfg = Release|Any CPU
		{CAF0BDB0-3546-4ABD-951A-D924F89F1074}.Release|x64.Build.0 = Release|Any CPU
		{CAF0BDB0-3546-4ABD-951A-D924F89F1074}.Release|x86.ActiveCfg = Release|Any CPU
		{CAF0BDB0-3546-4ABD-951A-D924F89F1074}.Release|x86.Build.0 = Release|Any CPU
		{31500E24-36A2-43DE-A2D5-52449E307362}.Debug|Any CPU.ActiveCfg = Debug|Any CPU
		{31500E24-36A2-43DE-A2D5-52449E307362}.Debug|Any CPU.Build.0 = Debug|Any CPU
		{31500E24-36A2-43DE-A2D5-52449E307362}.Debug|x64.ActiveCfg = Debug|Any CPU
		{31500E24-36A2-43DE-A2D5-52449E307362}.Debug|x64.Build.0 = Debug|Any CPU
		{31500E24-36A2-43DE-A2D5-52449E307362}.Debug|x86.ActiveCfg = Debug|Any CPU
		{31500E24-36A2-43DE-A2D5-52449E307362}.Debug|x86.Build.0 = Debug|Any CPU
		{31500E24-36A2-43DE-A2D5-52449E307362}.Release|Any CPU.ActiveCfg = Release|Any CPU
		{31500E24-36A2-43DE-A2D5-52449E307362}.Release|Any CPU.Build.0 = Release|Any CPU
		{31500E24-36A2-43DE-A2D5-52449E307362}.Release|x64.ActiveCfg = Release|Any CPU
		{31500E24-36A2-43DE-A2D5-52449E307362}.Release|x64.Build.0 = Release|Any CPU
		{31500E24-36A2-43DE-A2D5-52449E307362}.Release|x86.ActiveCfg = Release|Any CPU
		{31500E24-36A2-43DE-A2D5-52449E307362}.Release|x86.Build.0 = Release|Any CPU
		{D0487808-A87B-4776-9A59-13C5FC4FB6E0}.Debug|Any CPU.ActiveCfg = Debug|Any CPU
		{D0487808-A87B-4776-9A59-13C5FC4FB6E0}.Debug|Any CPU.Build.0 = Debug|Any CPU
		{D0487808-A87B-4776-9A59-13C5FC4FB6E0}.Debug|x64.ActiveCfg = Debug|Any CPU
		{D0487808-A87B-4776-9A59-13C5FC4FB6E0}.Debug|x64.Build.0 = Debug|Any CPU
		{D0487808-A87B-4776-9A59-13C5FC4FB6E0}.Debug|x86.ActiveCfg = Debug|Any CPU
		{D0487808-A87B-4776-9A59-13C5FC4FB6E0}.Debug|x86.Build.0 = Debug|Any CPU
		{D0487808-A87B-4776-9A59-13C5FC4FB6E0}.Release|Any CPU.ActiveCfg = Release|Any CPU
		{D0487808-A87B-4776-9A59-13C5FC4FB6E0}.Release|Any CPU.Build.0 = Release|Any CPU
		{D0487808-A87B-4776-9A59-13C5FC4FB6E0}.Release|x64.ActiveCfg = Release|Any CPU
		{D0487808-A87B-4776-9A59-13C5FC4FB6E0}.Release|x64.Build.0 = Release|Any CPU
		{D0487808-A87B-4776-9A59-13C5FC4FB6E0}.Release|x86.ActiveCfg = Release|Any CPU
		{D0487808-A87B-4776-9A59-13C5FC4FB6E0}.Release|x86.Build.0 = Release|Any CPU
		{179F6E9D-A3BC-455B-99F7-2969E87E0DD7}.Debug|Any CPU.ActiveCfg = Debug|Any CPU
		{179F6E9D-A3BC-455B-99F7-2969E87E0DD7}.Debug|Any CPU.Build.0 = Debug|Any CPU
		{179F6E9D-A3BC-455B-99F7-2969E87E0DD7}.Debug|x64.ActiveCfg = Debug|Any CPU
		{179F6E9D-A3BC-455B-99F7-2969E87E0DD7}.Debug|x64.Build.0 = Debug|Any CPU
		{179F6E9D-A3BC-455B-99F7-2969E87E0DD7}.Debug|x86.ActiveCfg = Debug|Any CPU
		{179F6E9D-A3BC-455B-99F7-2969E87E0DD7}.Debug|x86.Build.0 = Debug|Any CPU
		{179F6E9D-A3BC-455B-99F7-2969E87E0DD7}.Release|Any CPU.ActiveCfg = Release|Any CPU
		{179F6E9D-A3BC-455B-99F7-2969E87E0DD7}.Release|Any CPU.Build.0 = Release|Any CPU
		{179F6E9D-A3BC-455B-99F7-2969E87E0DD7}.Release|x64.ActiveCfg = Release|Any CPU
		{179F6E9D-A3BC-455B-99F7-2969E87E0DD7}.Release|x64.Build.0 = Release|Any CPU
		{179F6E9D-A3BC-455B-99F7-2969E87E0DD7}.Release|x86.ActiveCfg = Release|Any CPU
		{179F6E9D-A3BC-455B-99F7-2969E87E0DD7}.Release|x86.Build.0 = Release|Any CPU
	EndGlobalSection
	GlobalSection(SolutionProperties) = preSolution
		HideSolutionNode = FALSE
	EndGlobalSection
	GlobalSection(NestedProjects) = preSolution
		{3609AA13-8DB6-4213-A437-35FD78E7EEBC} = {2C6C7A8A-D40E-42D3-9A4C-CAC45F1932E4}
		{5E305509-B974-4C54-A06F-98D730E74BEC} = {2C6C7A8A-D40E-42D3-9A4C-CAC45F1932E4}
		{19ABE6AE-6721-4432-B4E9-EB8662D88525} = {4BA626B0-6D15-4D2A-AD52-66AC0E39985C}
		{4E366E0F-02FA-4F00-AC9C-FB750FBF41D7} = {4BA626B0-6D15-4D2A-AD52-66AC0E39985C}
		{4BA626B0-6D15-4D2A-AD52-66AC0E39985C} = {FA202727-7954-4150-843B-6AB9F56F6A03}
		{C0B72853-96C7-43A9-89FC-F7E344747EE1} = {FA202727-7954-4150-843B-6AB9F56F6A03}
		{B9A21FCA-3B3D-485A-9FEB-826076B07859} = {FA202727-7954-4150-843B-6AB9F56F6A03}
		{5FB0C0BB-D95F-4340-9191-873D88A9BA38} = {31B43470-2058-4D5C-9E98-5FC42B8A5925}
		{82FC14A5-8C2A-40D6-BF47-8181E7858DA5} = {31B43470-2058-4D5C-9E98-5FC42B8A5925}
		{C16DDE98-876B-4551-84F0-457B25896088} = {2C6C7A8A-D40E-42D3-9A4C-CAC45F1932E4}
		{6B16C3CE-4D98-4C0E-8C11-1912776DF74F} = {4BA626B0-6D15-4D2A-AD52-66AC0E39985C}
		{F83E5B6C-4802-4703-8A45-32F19655A327} = {C0B72853-96C7-43A9-89FC-F7E344747EE1}
		{35500D36-5F48-4383-B0DC-8B0A1A5DD77D} = {4BA626B0-6D15-4D2A-AD52-66AC0E39985C}
		{526F68D8-CF43-404F-B52D-CEEB1EF23986} = {B9A21FCA-3B3D-485A-9FEB-826076B07859}
		{87DE9643-7AA6-4EBE-8689-98AB04F52045} = {B9A21FCA-3B3D-485A-9FEB-826076B07859}
		{F7994880-2F76-42B7-A6C7-55C99C89BB13} = {2C6C7A8A-D40E-42D3-9A4C-CAC45F1932E4}
		{F9F75A94-1EE8-475B-80F8-3EBB19C78923} = {4BA626B0-6D15-4D2A-AD52-66AC0E39985C}
		{CAF0BDB0-3546-4ABD-951A-D924F89F1074} = {4BA626B0-6D15-4D2A-AD52-66AC0E39985C}
		{31500E24-36A2-43DE-A2D5-52449E307362} = {31B43470-2058-4D5C-9E98-5FC42B8A5925}
		{D0487808-A87B-4776-9A59-13C5FC4FB6E0} = {31B43470-2058-4D5C-9E98-5FC42B8A5925}
		{179F6E9D-A3BC-455B-99F7-2969E87E0DD7} = {B9A21FCA-3B3D-485A-9FEB-826076B07859}
	EndGlobalSection
	GlobalSection(ExtensibilityGlobals) = postSolution
		SolutionGuid = {7C31285F-C8C3-47E0-8327-8504D5913126}
	EndGlobalSection
EndGlobal
